
Microsoft Visual Studio Solution File, Format Version 12.00
# Visual Studio Version 16
VisualStudioVersion = 16.0.29418.71
MinimumVisualStudioVersion = 10.0.40219.1
Project("{FAE04EC0-301F-11D3-BF4B-00C04F79EFBC}") = "ExamSystemWithoutPrism", "ExamSystemWithoutPrism\ExamSystemWithoutPrism.csproj", "{29AB28A3-1B6E-4B31-905E-4EC6EADFA3D7}"
EndProject
Project("{FAE04EC0-301F-11D3-BF4B-00C04F79EFBC}") = "ExamSystemRepository", "ExamSystemRepository\ExamSystemRepository.csproj", "{2AA65B93-3438-48AB-BBDD-4BA03CD353A1}"
EndProject
Global
	GlobalSection(SolutionConfigurationPlatforms) = preSolution
		Debug|Any CPU = Debug|Any CPU
		Release|Any CPU = Release|Any CPU
	EndGlobalSection
	GlobalSection(ProjectConfigurationPlatforms) = postSolution
		{29AB28A3-1B6E-4B31-905E-4EC6EADFA3D7}.Debug|Any CPU.ActiveCfg = Debug|Any CPU
		{29AB28A3-1B6E-4B31-905E-4EC6EADFA3D7}.Debug|Any CPU.Build.0 = Debug|Any CPU
		{29AB28A3-1B6E-4B31-905E-4EC6EADFA3D7}.Release|Any CPU.ActiveCfg = Release|Any CPU
		{29AB28A3-1B6E-4B31-905E-4EC6EADFA3D7}.Release|Any CPU.Build.0 = Release|Any CPU
		{2AA65B93-3438-48AB-BBDD-4BA03CD353A1}.Debug|Any CPU.ActiveCfg = Debug|Any CPU
		{2AA65B93-3438-48AB-BBDD-4BA03CD353A1}.Debug|Any CPU.Build.0 = Debug|Any CPU
		{2AA65B93-3438-48AB-BBDD-4BA03CD353A1}.Release|Any CPU.ActiveCfg = Release|Any CPU
		{2AA65B93-3438-48AB-BBDD-4BA03CD353A1}.Release|Any CPU.Build.0 = Release|Any CPU
	EndGlobalSection
	GlobalSection(SolutionProperties) = preSolution
		HideSolutionNode = FALSE
	EndGlobalSection
	GlobalSection(ExtensibilityGlobals) = postSolution
		SolutionGuid = {7C80899F-8676-4542-8E82-AA29239C05CC}
	EndGlobalSection
EndGlobal
